
Microsoft Visual Studio Solution File, Format Version 12.00
# Visual Studio Version 17
VisualStudioVersion = 17.7.34009.444
MinimumVisualStudioVersion = 10.0.40219.1
Project("{FAE04EC0-301F-11D3-BF4B-00C04F79EFBC}") = "Projekat_A-DrogerijskaRadnja", "Projekat_A-DrogerijskaRadnja\Projekat_A-DrogerijskaRadnja.csproj", "{77045750-FD5E-4E8F-90A1-51EFFF979E0F}"
EndProject
Global
	GlobalSection(SolutionConfigurationPlatforms) = preSolution
		Debug|Any CPU = Debug|Any CPU
		Release|Any CPU = Release|Any CPU
	EndGlobalSection
	GlobalSection(ProjectConfigurationPlatforms) = postSolution
		{77045750-FD5E-4E8F-90A1-51EFFF979E0F}.Debug|Any CPU.ActiveCfg = Debug|Any CPU
		{77045750-FD5E-4E8F-90A1-51EFFF979E0F}.Debug|Any CPU.Build.0 = Debug|Any CPU
		{77045750-FD5E-4E8F-90A1-51EFFF979E0F}.Release|Any CPU.ActiveCfg = Release|Any CPU
		{77045750-FD5E-4E8F-90A1-51EFFF979E0F}.Release|Any CPU.Build.0 = Release|Any CPU
	EndGlobalSection
	GlobalSection(SolutionProperties) = preSolution
		HideSolutionNode = FALSE
	EndGlobalSection
	GlobalSection(ExtensibilityGlobals) = postSolution
		SolutionGuid = {B7F6E768-0755-44C9-8B7E-C1264D49116E}
	EndGlobalSection
EndGlobal
